
Microsoft Visual Studio Solution File, Format Version 11.00
# Visual Studio 2010
Project("{FAE04EC0-301F-11D3-BF4B-00C04F79EFBC}") = "Scouting.iOS", "Scouting\Scouting.iOS.csproj", "{AAB0F096-0F6F-4F82-9F4F-75CD36779569}"
EndProject
Project("{FAE04EC0-301F-11D3-BF4B-00C04F79EFBC}") = "ScoutingLib", "ScoutingLib\ScoutingLib.csproj", "{F2F0AF5A-1C5E-4E23-AC49-C87C796C3D59}"
EndProject
Project("{FAE04EC0-301F-11D3-BF4B-00C04F79EFBC}") = "FlyOutNavigation", "..\FlyOutNavigation\FlyOutNavigation\FlyOutNavigation.csproj", "{E98F7600-6C2E-4586-A78C-D42BA89445B9}"
EndProject
Global
	GlobalSection(SolutionConfigurationPlatforms) = preSolution
		Debug|iPhoneSimulator = Debug|iPhoneSimulator
		Release|iPhoneSimulator = Release|iPhoneSimulator
		Debug|iPhone = Debug|iPhone
		Release|iPhone = Release|iPhone
		Ad-Hoc|iPhone = Ad-Hoc|iPhone
		AppStore|iPhone = AppStore|iPhone
	EndGlobalSection
	GlobalSection(ProjectConfigurationPlatforms) = postSolution
		{AAB0F096-0F6F-4F82-9F4F-75CD36779569}.Ad-Hoc|iPhone.ActiveCfg = Ad-Hoc|iPhone
		{AAB0F096-0F6F-4F82-9F4F-75CD36779569}.Ad-Hoc|iPhone.Build.0 = Ad-Hoc|iPhone
		{AAB0F096-0F6F-4F82-9F4F-75CD36779569}.AppStore|iPhone.ActiveCfg = AppStore|iPhone
		{AAB0F096-0F6F-4F82-9F4F-75CD36779569}.AppStore|iPhone.Build.0 = AppStore|iPhone
		{AAB0F096-0F6F-4F82-9F4F-75CD36779569}.Debug|iPhone.ActiveCfg = Debug|iPhone
		{AAB0F096-0F6F-4F82-9F4F-75CD36779569}.Debug|iPhone.Build.0 = Debug|iPhone
		{AAB0F096-0F6F-4F82-9F4F-75CD36779569}.Debug|iPhoneSimulator.ActiveCfg = Debug|iPhoneSimulator
		{AAB0F096-0F6F-4F82-9F4F-75CD36779569}.Debug|iPhoneSimulator.Build.0 = Debug|iPhoneSimulator
		{AAB0F096-0F6F-4F82-9F4F-75CD36779569}.Release|iPhone.ActiveCfg = Release|iPhone
		{AAB0F096-0F6F-4F82-9F4F-75CD36779569}.Release|iPhone.Build.0 = Release|iPhone
		{AAB0F096-0F6F-4F82-9F4F-75CD36779569}.Release|iPhoneSimulator.ActiveCfg = Release|iPhoneSimulator
		{AAB0F096-0F6F-4F82-9F4F-75CD36779569}.Release|iPhoneSimulator.Build.0 = Release|iPhoneSimulator
		{E98F7600-6C2E-4586-A78C-D42BA89445B9}.Ad-Hoc|iPhone.ActiveCfg = Release|Any CPU
		{E98F7600-6C2E-4586-A78C-D42BA89445B9}.Ad-Hoc|iPhone.Build.0 = Release|Any CPU
		{E98F7600-6C2E-4586-A78C-D42BA89445B9}.AppStore|iPhone.ActiveCfg = Release|Any CPU
		{E98F7600-6C2E-4586-A78C-D42BA89445B9}.AppStore|iPhone.Build.0 = Release|Any CPU
		{E98F7600-6C2E-4586-A78C-D42BA89445B9}.Debug|iPhone.ActiveCfg = Debug|Any CPU
		{E98F7600-6C2E-4586-A78C-D42BA89445B9}.Debug|iPhone.Build.0 = Debug|Any CPU
		{E98F7600-6C2E-4586-A78C-D42BA89445B9}.Debug|iPhoneSimulator.ActiveCfg = Debug|Any CPU
		{E98F7600-6C2E-4586-A78C-D42BA89445B9}.Debug|iPhoneSimulator.Build.0 = Debug|Any CPU
		{E98F7600-6C2E-4586-A78C-D42BA89445B9}.Release|iPhone.ActiveCfg = Release|Any CPU
		{E98F7600-6C2E-4586-A78C-D42BA89445B9}.Release|iPhone.Build.0 = Release|Any CPU
		{E98F7600-6C2E-4586-A78C-D42BA89445B9}.Release|iPhoneSimulator.ActiveCfg = Release|Any CPU
		{E98F7600-6C2E-4586-A78C-D42BA89445B9}.Release|iPhoneSimulator.Build.0 = Release|Any CPU
		{F2F0AF5A-1C5E-4E23-AC49-C87C796C3D59}.Ad-Hoc|iPhone.ActiveCfg = Release|Any CPU
		{F2F0AF5A-1C5E-4E23-AC49-C87C796C3D59}.Ad-Hoc|iPhone.Build.0 = Release|Any CPU
		{F2F0AF5A-1C5E-4E23-AC49-C87C796C3D59}.AppStore|iPhone.ActiveCfg = Release|Any CPU
		{F2F0AF5A-1C5E-4E23-AC49-C87C796C3D59}.AppStore|iPhone.Build.0 = Release|Any CPU
		{F2F0AF5A-1C5E-4E23-AC49-C87C796C3D59}.Debug|iPhone.ActiveCfg = Debug|Any CPU
		{F2F0AF5A-1C5E-4E23-AC49-C87C796C3D59}.Debug|iPhone.Build.0 = Debug|Any CPU
		{F2F0AF5A-1C5E-4E23-AC49-C87C796C3D59}.Debug|iPhoneSimulator.ActiveCfg = Debug|Any CPU
		{F2F0AF5A-1C5E-4E23-AC49-C87C796C3D59}.Debug|iPhoneSimulator.Build.0 = Debug|Any CPU
		{F2F0AF5A-1C5E-4E23-AC49-C87C796C3D59}.Release|iPhone.ActiveCfg = Release|Any CPU
		{F2F0AF5A-1C5E-4E23-AC49-C87C796C3D59}.Release|iPhone.Build.0 = Release|Any CPU
		{F2F0AF5A-1C5E-4E23-AC49-C87C796C3D59}.Release|iPhoneSimulator.ActiveCfg = Release|Any CPU
		{F2F0AF5A-1C5E-4E23-AC49-C87C796C3D59}.Release|iPhoneSimulator.Build.0 = Release|Any CPU
	EndGlobalSection
	GlobalSection(MonoDevelopProperties) = preSolution
		StartupItem = Scouting\Scouting.iOS.csproj
	EndGlobalSection
EndGlobal
